
Microsoft Visual Studio Solution File, Format Version 12.00
# Visual Studio Version 16
VisualStudioVersion = 16.0.32407.337
MinimumVisualStudioVersion = 10.0.40219.1
Project("{FAE04EC0-301F-11D3-BF4B-00C04F79EFBC}") = "SalesWebMvc", "SalesWebMvc\SalesWebMvc.csproj", "{C02995DB-1EC6-4C72-8BAE-6413961D8CB8}"
EndProject
Global
	GlobalSection(SolutionConfigurationPlatforms) = preSolution
		Debug|Any CPU = Debug|Any CPU
		Release|Any CPU = Release|Any CPU
	EndGlobalSection
	GlobalSection(ProjectConfigurationPlatforms) = postSolution
		{C02995DB-1EC6-4C72-8BAE-6413961D8CB8}.Debug|Any CPU.ActiveCfg = Debug|Any CPU
		{C02995DB-1EC6-4C72-8BAE-6413961D8CB8}.Debug|Any CPU.Build.0 = Debug|Any CPU
		{C02995DB-1EC6-4C72-8BAE-6413961D8CB8}.Release|Any CPU.ActiveCfg = Release|Any CPU
		{C02995DB-1EC6-4C72-8BAE-6413961D8CB8}.Release|Any CPU.Build.0 = Release|Any CPU
	EndGlobalSection
	GlobalSection(SolutionProperties) = preSolution
		HideSolutionNode = FALSE
	EndGlobalSection
	GlobalSection(ExtensibilityGlobals) = postSolution
		SolutionGuid = {7B5C136D-FB02-474C-BB35-2FD40919679C}
	EndGlobalSection
EndGlobal
